// !$*UTF8*$!
{
	archiveVersion = 1;
	classes = {
	};
	objectVersion = 51;
	objects = {

/* Begin PBXBuildFile section */
		4EC75E43266A4B3C00D40252 /* AppDelegate.m in Sources */ = {isa = PBXBuildFile; fileRef = 4EC75E42266A4B3C00D40252 /* AppDelegate.m */; };
		4EC75E46266A4B3C00D40252 /* SceneDelegate.m in Sources */ = {isa = PBXBuildFile; fileRef = 4EC75E45266A4B3C00D40252 /* SceneDelegate.m */; };
		4EC75E49266A4B3C00D40252 /* ViewController.m in Sources */ = {isa = PBXBuildFile; fileRef = 4EC75E48266A4B3C00D40252 /* ViewController.m */; };
		4EC75E4E266A4B3D00D40252 /* Assets.xcassets in Resources */ = {isa = PBXBuildFile; fileRef = 4EC75E4D266A4B3D00D40252 /* Assets.xcassets */; };
		4EC75E54266A4B3D00D40252 /* main.m in Sources */ = {isa = PBXBuildFile; fileRef = 4EC75E53266A4B3D00D40252 /* main.m */; };
		4EC75E5E266A4B3D00D40252 /* cocoapodsDemoTests.m in Sources */ = {isa = PBXBuildFile; fileRef = 4EC75E5D266A4B3D00D40252 /* cocoapodsDemoTests.m */; };
		4EC75E69266A4B3D00D40252 /* cocoapodsDemoUITests.m in Sources */ = {isa = PBXBuildFile; fileRef = 4EC75E68266A4B3D00D40252 /* cocoapodsDemoUITests.m */; };
		73D6A213208FF670CD701F57 /* Pods_cocoapodsDemo.framework in Frameworks */ = {isa = PBXBuildFile; fileRef = E2984381BEBBBF2D3948FAF4 /* Pods_cocoapodsDemo.framework */; };
		866B1B107EA9B14633C6019E /* Pods_cocoapodsDemo_cocoapodsDemoUITests.framework in Frameworks */ = {isa = PBXBuildFile; fileRef = 91349D9B71470F909A275D69 /* Pods_cocoapodsDemo_cocoapodsDemoUITests.framework */; };
		CD5D191D977C36D3C6200C50 /* Pods_cocoapodsDemoTests.framework in Frameworks */ = {isa = PBXBuildFile; fileRef = 9499F4E9679379775FADA669 /* Pods_cocoapodsDemoTests.framework */; };
/* End PBXBuildFile section */

/* Begin PBXContainerItemProxy section */
		4EC75E5A266A4B3D00D40252 /* PBXContainerItemProxy */ = {
			isa = PBXContainerItemProxy;
			containerPortal = 4EC75E36266A4B3C00D40252 /* Project object */;
			proxyType = 1;
			remoteGlobalIDString = 4EC75E3D266A4B3C00D40252;
			remoteInfo = cocoapodsDemo;
		};
		4EC75E65266A4B3D00D40252 /* PBXContainerItemProxy */ = {
			isa = PBXContainerItemProxy;
			containerPortal = 4EC75E36266A4B3C00D40252 /* Project object */;
			proxyType = 1;
			remoteGlobalIDString = 4EC75E3D266A4B3C00D40252;
			remoteInfo = cocoapodsDemo;
		};
/* End PBXContainerItemProxy section */

/* Begin PBXFileReference section */
		08D53D763633CEFE14C4F39D /* Pods-cocoapodsDemo-cocoapodsDemoUITests.release.xcconfig */ = {isa = PBXFileReference; includeInIndex = 1; lastKnownFileType = text.xcconfig; name = "Pods-cocoapodsDemo-cocoapodsDemoUITests.release.xcconfig"; path = "Target Support Files/Pods-cocoapodsDemo-cocoapodsDemoUITests/Pods-cocoapodsDemo-cocoapodsDemoUITests.release.xcconfig"; sourceTree = "<group>"; };
		333D5DF7DBA4F392A24A073A /* Pods-cocoapodsDemo.release.xcconfig */ = {isa = PBXFileReference; includeInIndex = 1; lastKnownFileType = text.xcconfig; name = "Pods-cocoapodsDemo.release.xcconfig"; path = "Target Support Files/Pods-cocoapodsDemo/Pods-cocoapodsDemo.release.xcconfig"; sourceTree = "<group>"; };
		3EE5A9DCEEF94176CE464D9D /* Pods-cocoapodsDemoTests.release.xcconfig */ = {isa = PBXFileReference; includeInIndex = 1; lastKnownFileType = text.xcconfig; name = "Pods-cocoapodsDemoTests.release.xcconfig"; path = "Target Support Files/Pods-cocoapodsDemoTests/Pods-cocoapodsDemoTests.release.xcconfig"; sourceTree = "<group>"; };
		4EC75E3E266A4B3C00D40252 /* cocoapodsDemo.app */ = {isa = PBXFileReference; explicitFileType = wrapper.application; includeInIndex = 0; path = cocoapodsDemo.app; sourceTree = BUILT_PRODUCTS_DIR; };
		4EC75E41266A4B3C00D40252 /* AppDelegate.h */ = {isa = PBXFileReference; lastKnownFileType = sourcecode.c.h; path = AppDelegate.h; sourceTree = "<group>"; };
		4EC75E42266A4B3C00D40252 /* AppDelegate.m */ = {isa = PBXFileReference; lastKnownFileType = sourcecode.c.objc; path = AppDelegate.m; sourceTree = "<group>"; };
		4EC75E44266A4B3C00D40252 /* SceneDelegate.h */ = {isa = PBXFileReference; lastKnownFileType = sourcecode.c.h; path = SceneDelegate.h; sourceTree = "<group>"; };
		4EC75E45266A4B3C00D40252 /* SceneDelegate.m */ = {isa = PBXFileReference; lastKnownFileType = sourcecode.c.objc; path = SceneDelegate.m; sourceTree = "<group>"; };
		4EC75E47266A4B3C00D40252 /* ViewController.h */ = {isa = PBXFileReference; lastKnownFileType = sourcecode.c.h; path = ViewController.h; sourceTree = "<group>"; };
		4EC75E48266A4B3C00D40252 /* ViewController.m */ = {isa = PBXFileReference; lastKnownFileType = sourcecode.c.objc; path = ViewController.m; sourceTree = "<group>"; };
		4EC75E4D266A4B3D00D40252 /* Assets.xcassets */ = {isa = PBXFileReference; lastKnownFileType = folder.assetcatalog; path = Assets.xcassets; sourceTree = "<group>"; };
		4EC75E52266A4B3D00D40252 /* Info.plist */ = {isa = PBXFileReference; lastKnownFileType = text.plist.xml; path = Info.plist; sourceTree = "<group>"; };
		4EC75E53266A4B3D00D40252 /* main.m */ = {isa = PBXFileReference; lastKnownFileType = sourcecode.c.objc; path = main.m; sourceTree = "<group>"; };
		4EC75E59266A4B3D00D40252 /* cocoapodsDemoTests.xctest */ = {isa = PBXFileReference; explicitFileType = wrapper.cfbundle; includeInIndex = 0; path = cocoapodsDemoTests.xctest; sourceTree = BUILT_PRODUCTS_DIR; };
		4EC75E5D266A4B3D00D40252 /* cocoapodsDemoTests.m */ = {isa = PBXFileReference; lastKnownFileType = sourcecode.c.objc; path = cocoapodsDemoTests.m; sourceTree = "<group>"; };
		4EC75E5F266A4B3D00D40252 /* Info.plist */ = {isa = PBXFileReference; lastKnownFileType = text.plist.xml; path = Info.plist; sourceTree = "<group>"; };
		4EC75E64266A4B3D00D40252 /* cocoapodsDemoUITests.xctest */ = {isa = PBXFileReference; explicitFileType = wrapper.cfbundle; includeInIndex = 0; path = cocoapodsDemoUITests.xctest; sourceTree = BUILT_PRODUCTS_DIR; };
		4EC75E68266A4B3D00D40252 /* cocoapodsDemoUITests.m */ = {isa = PBXFileReference; lastKnownFileType = sourcecode.c.objc; path = cocoapodsDemoUITests.m; sourceTree = "<group>"; };
		4EC75E6A266A4B3D00D40252 /* Info.plist */ = {isa = PBXFileReference; lastKnownFileType = text.plist.xml; path = Info.plist; sourceTree = "<group>"; };
		7256B390E6241809B9860F5F /* Pods-cocoapodsDemoTests.debug.xcconfig */ = {isa = PBXFileReference; includeInIndex = 1; lastKnownFileType = text.xcconfig; name = "Pods-cocoapodsDemoTests.debug.xcconfig"; path = "Target Support Files/Pods-cocoapodsDemoTests/Pods-cocoapodsDemoTests.debug.xcconfig"; sourceTree = "<group>"; };
		8922DF89BFE12F636BDB678A /* Pods-cocoapodsDemo.debug.xcconfig */ = {isa = PBXFileReference; includeInIndex = 1; lastKnownFileType = text.xcconfig; name = "Pods-cocoapodsDemo.debug.xcconfig"; path = "Target Support Files/Pods-cocoapodsDemo/Pods-cocoapodsDemo.debug.xcconfig"; sourceTree = "<group>"; };
		91349D9B71470F909A275D69 /* Pods_cocoapodsDemo_cocoapodsDemoUITests.framework */ = {isa = PBXFileReference; explicitFileType = wrapper.framework; includeInIndex = 0; path = Pods_cocoapodsDemo_cocoapodsDemoUITests.framework; sourceTree = BUILT_PRODUCTS_DIR; };
		9499F4E9679379775FADA669 /* Pods_cocoapodsDemoTests.framework */ = {isa = PBXFileReference; explicitFileType = wrapper.framework; includeInIndex = 0; path = Pods_cocoapodsDemoTests.framework; sourceTree = BUILT_PRODUCTS_DIR; };
		E2984381BEBBBF2D3948FAF4 /* Pods_cocoapodsDemo.framework */ = {isa = PBXFileReference; explicitFileType = wrapper.framework; includeInIndex = 0; path = Pods_cocoapodsDemo.framework; sourceTree = BUILT_PRODUCTS_DIR; };
		FB3CF598428E5FFFBCD30E2D /* Pods-cocoapodsDemo-cocoapodsDemoUITests.debug.xcconfig */ = {isa = PBXFileReference; includeInIndex = 1; lastKnownFileType = text.xcconfig; name = "Pods-cocoapodsDemo-cocoapodsDemoUITests.debug.xcconfig"; path = "Target Support Files/Pods-cocoapodsDemo-cocoapodsDemoUITests/Pods-cocoapodsDemo-cocoapodsDemoUITests.debug.xcconfig"; sourceTree = "<group>"; };
/* End PBXFileReference section */

/* Begin PBXFrameworksBuildPhase section */
		4EC75E3B266A4B3C00D40252 /* Frameworks */ = {
			isa = PBXFrameworksBuildPhase;
			buildActionMask = 2147483647;
			files = (
				73D6A213208FF670CD701F57 /* Pods_cocoapodsDemo.framework in Frameworks */,
			);
			runOnlyForDeploymentPostprocessing = 0;
		};
		4EC75E56266A4B3D00D40252 /* Frameworks */ = {
			isa = PBXFrameworksBuildPhase;
			buildActionMask = 2147483647;
			files = (
				CD5D191D977C36D3C6200C50 /* Pods_cocoapodsDemoTests.framework in Frameworks */,
			);
			runOnlyForDeploymentPostprocessing = 0;
		};
		4EC75E61266A4B3D00D40252 /* Frameworks */ = {
			isa = PBXFrameworksBuildPhase;
			buildActionMask = 2147483647;
			files = (
				866B1B107EA9B14633C6019E /* Pods_cocoapodsDemo_cocoapodsDemoUITests.framework in Frameworks */,
			);
			runOnlyForDeploymentPostprocessing = 0;
		};
/* End PBXFrameworksBuildPhase section */

/* Begin PBXGroup section */
		4EC75E35266A4B3C00D40252 = {
			isa = PBXGroup;
			children = (
				4EC75E40266A4B3C00D40252 /* cocoapodsDemo */,
				4EC75E5C266A4B3D00D40252 /* cocoapodsDemoTests */,
				4EC75E67266A4B3D00D40252 /* cocoapodsDemoUITests */,
				4EC75E3F266A4B3C00D40252 /* Products */,
				DBB83D4A8941BAC9C71CB7F7 /* Pods */,
				6E5C63F2089B811B9E1F54B7 /* Frameworks */,
			);
			sourceTree = "<group>";
		};
		4EC75E3F266A4B3C00D40252 /* Products */ = {
			isa = PBXGroup;
			children = (
				4EC75E3E266A4B3C00D40252 /* cocoapodsDemo.app */,
				4EC75E59266A4B3D00D40252 /* cocoapodsDemoTests.xctest */,
				4EC75E64266A4B3D00D40252 /* cocoapodsDemoUITests.xctest */,
			);
			name = Products;
			sourceTree = "<group>";
		};
		4EC75E40266A4B3C00D40252 /* cocoapodsDemo */ = {
			isa = PBXGroup;
			children = (
				4EC75E41266A4B3C00D40252 /* AppDelegate.h */,
				4EC75E42266A4B3C00D40252 /* AppDelegate.m */,
				4EC75E44266A4B3C00D40252 /* SceneDelegate.h */,
				4EC75E45266A4B3C00D40252 /* SceneDelegate.m */,
				4EC75E47266A4B3C00D40252 /* ViewController.h */,
				4EC75E48266A4B3C00D40252 /* ViewController.m */,
				4EC75E4D266A4B3D00D40252 /* Assets.xcassets */,
				4EC75E52266A4B3D00D40252 /* Info.plist */,
				4EC75E53266A4B3D00D40252 /* main.m */,
			);
			path = cocoapodsDemo;
			sourceTree = "<group>";
		};
		4EC75E5C266A4B3D00D40252 /* cocoapodsDemoTests */ = {
			isa = PBXGroup;
			children = (
				4EC75E5D266A4B3D00D40252 /* cocoapodsDemoTests.m */,
				4EC75E5F266A4B3D00D40252 /* Info.plist */,
			);
			path = cocoapodsDemoTests;
			sourceTree = "<group>";
		};
		4EC75E67266A4B3D00D40252 /* cocoapodsDemoUITests */ = {
			isa = PBXGroup;
			children = (
				4EC75E68266A4B3D00D40252 /* cocoapodsDemoUITests.m */,
				4EC75E6A266A4B3D00D40252 /* Info.plist */,
			);
			path = cocoapodsDemoUITests;
			sourceTree = "<group>";
		};
		6E5C63F2089B811B9E1F54B7 /* Frameworks */ = {
			isa = PBXGroup;
			children = (
				E2984381BEBBBF2D3948FAF4 /* Pods_cocoapodsDemo.framework */,
				91349D9B71470F909A275D69 /* Pods_cocoapodsDemo_cocoapodsDemoUITests.framework */,
				9499F4E9679379775FADA669 /* Pods_cocoapodsDemoTests.framework */,
			);
			name = Frameworks;
			sourceTree = "<group>";
		};
		DBB83D4A8941BAC9C71CB7F7 /* Pods */ = {
			isa = PBXGroup;
			children = (
				8922DF89BFE12F636BDB678A /* Pods-cocoapodsDemo.debug.xcconfig */,
				333D5DF7DBA4F392A24A073A /* Pods-cocoapodsDemo.release.xcconfig */,
				FB3CF598428E5FFFBCD30E2D /* Pods-cocoapodsDemo-cocoapodsDemoUITests.debug.xcconfig */,
				08D53D763633CEFE14C4F39D /* Pods-cocoapodsDemo-cocoapodsDemoUITests.release.xcconfig */,
				7256B390E6241809B9860F5F /* Pods-cocoapodsDemoTests.debug.xcconfig */,
				3EE5A9DCEEF94176CE464D9D /* Pods-cocoapodsDemoTests.release.xcconfig */,
			);
			path = Pods;
			sourceTree = "<group>";
		};
/* End PBXGroup section */

/* Begin PBXNativeTarget section */
		4EC75E3D266A4B3C00D40252 /* cocoapodsDemo */ = {
			isa = PBXNativeTarget;
			buildConfigurationList = 4EC75E6D266A4B3D00D40252 /* Build configuration list for PBXNativeTarget "cocoapodsDemo" */;
			buildPhases = (
				A6AB36ACFA5C94CEB0C85306 /* [CP] Check Pods Manifest.lock */,
				4EC75E3A266A4B3C00D40252 /* Sources */,
				4EC75E3B266A4B3C00D40252 /* Frameworks */,
				4EC75E3C266A4B3C00D40252 /* Resources */,
				55D1076431D1803D7315F5CD /* [CP] Embed Pods Frameworks */,
			);
			buildRules = (
			);
			dependencies = (
			);
			name = cocoapodsDemo;
			productName = cocoapodsDemo;
			productReference = 4EC75E3E266A4B3C00D40252 /* cocoapodsDemo.app */;
			productType = "com.apple.product-type.application";
		};
		4EC75E58266A4B3D00D40252 /* cocoapodsDemoTests */ = {
			isa = PBXNativeTarget;
			buildConfigurationList = 4EC75E70266A4B3D00D40252 /* Build configuration list for PBXNativeTarget "cocoapodsDemoTests" */;
			buildPhases = (
				D3279A511EB72A5461D87D8F /* [CP] Check Pods Manifest.lock */,
				4EC75E55266A4B3D00D40252 /* Sources */,
				4EC75E56266A4B3D00D40252 /* Frameworks */,
				4EC75E57266A4B3D00D40252 /* Resources */,
			);
			buildRules = (
			);
			dependencies = (
				4EC75E5B266A4B3D00D40252 /* PBXTargetDependency */,
			);
			name = cocoapodsDemoTests;
			productName = cocoapodsDemoTests;
			productReference = 4EC75E59266A4B3D00D40252 /* cocoapodsDemoTests.xctest */;
			productType = "com.apple.product-type.bundle.unit-test";
		};
		4EC75E63266A4B3D00D40252 /* cocoapodsDemoUITests */ = {
			isa = PBXNativeTarget;
			buildConfigurationList = 4EC75E73266A4B3D00D40252 /* Build configuration list for PBXNativeTarget "cocoapodsDemoUITests" */;
			buildPhases = (
				4201C3B9FD77852941314707 /* [CP] Check Pods Manifest.lock */,
				4EC75E60266A4B3D00D40252 /* Sources */,
				4EC75E61266A4B3D00D40252 /* Frameworks */,
				4EC75E62266A4B3D00D40252 /* Resources */,
				06BB0435D4F6EBE3569B3BB6 /* [CP] Embed Pods Frameworks */,
			);
			buildRules = (
			);
			dependencies = (
				4EC75E66266A4B3D00D40252 /* PBXTargetDependency */,
			);
			name = cocoapodsDemoUITests;
			productName = cocoapodsDemoUITests;
			productReference = 4EC75E64266A4B3D00D40252 /* cocoapodsDemoUITests.xctest */;
			productType = "com.apple.product-type.bundle.ui-testing";
		};
/* End PBXNativeTarget section */

/* Begin PBXProject section */
		4EC75E36266A4B3C00D40252 /* Project object */ = {
			isa = PBXProject;
			attributes = {
				LastUpgradeCheck = 1250;
				TargetAttributes = {
					4EC75E3D266A4B3C00D40252 = {
						CreatedOnToolsVersion = 12.5;
					};
					4EC75E58266A4B3D00D40252 = {
						CreatedOnToolsVersion = 12.5;
						TestTargetID = 4EC75E3D266A4B3C00D40252;
					};
					4EC75E63266A4B3D00D40252 = {
						CreatedOnToolsVersion = 12.5;
						TestTargetID = 4EC75E3D266A4B3C00D40252;
					};
				};
			};
			buildConfigurationList = 4EC75E39266A4B3C00D40252 /* Build configuration list for PBXProject "cocoapodsDemo" */;
			compatibilityVersion = "Xcode 9.3";
			developmentRegion = en;
			hasScannedForEncodings = 0;
			knownRegions = (
				en,
				Base,
			);
			mainGroup = 4EC75E35266A4B3C00D40252;
			productRefGroup = 4EC75E3F266A4B3C00D40252 /* Products */;
			projectDirPath = "";
			projectRoot = "";
			targets = (
				4EC75E3D266A4B3C00D40252 /* cocoapodsDemo */,
				4EC75E58266A4B3D00D40252 /* cocoapodsDemoTests */,
				4EC75E63266A4B3D00D40252 /* cocoapodsDemoUITests */,
			);
		};
/* End PBXProject section */

/* Begin PBXResourcesBuildPhase section */
		4EC75E3C266A4B3C00D40252 /* Resources */ = {
			isa = PBXResourcesBuildPhase;
			buildActionMask = 2147483647;
			files = (
				4EC75E4E266A4B3D00D40252 /* Assets.xcassets in Resources */,
			);
			runOnlyForDeploymentPostprocessing = 0;
		};
		4EC75E57266A4B3D00D40252 /* Resources */ = {
			isa = PBXResourcesBuildPhase;
			buildActionMask = 2147483647;
			files = (
			);
			runOnlyForDeploymentPostprocessing = 0;
		};
		4EC75E62266A4B3D00D40252 /* Resources */ = {
			isa = PBXResourcesBuildPhase;
			buildActionMask = 2147483647;
			files = (
			);
			runOnlyForDeploymentPostprocessing = 0;
		};
/* End PBXResourcesBuildPhase section */

/* Begin PBXShellScriptBuildPhase section */
		06BB0435D4F6EBE3569B3BB6 /* [CP] Embed Pods Frameworks */ = {
			isa = PBXShellScriptBuildPhase;
			buildActionMask = 2147483647;
			files = (
			);
			inputFileListPaths = (
				"${PODS_ROOT}/Target Support Files/Pods-cocoapodsDemo-cocoapodsDemoUITests/Pods-cocoapodsDemo-cocoapodsDemoUITests-frameworks-${CONFIGURATION}-input-files.xcfilelist",
			);
			name = "[CP] Embed Pods Frameworks";
			outputFileListPaths = (
				"${PODS_ROOT}/Target Support Files/Pods-cocoapodsDemo-cocoapodsDemoUITests/Pods-cocoapodsDemo-cocoapodsDemoUITests-frameworks-${CONFIGURATION}-output-files.xcfilelist",
			);
			runOnlyForDeploymentPostprocessing = 0;
			shellPath = /bin/sh;
			shellScript = "\"${PODS_ROOT}/Target Support Files/Pods-cocoapodsDemo-cocoapodsDemoUITests/Pods-cocoapodsDemo-cocoapodsDemoUITests-frameworks.sh\"\n";
			showEnvVarsInLog = 0;
		};
		4201C3B9FD77852941314707 /* [CP] Check Pods Manifest.lock */ = {
			isa = PBXShellScriptBuildPhase;
			buildActionMask = 2147483647;
			files = (
			);
			inputFileListPaths = (
			);
			inputPaths = (
				"${PODS_PODFILE_DIR_PATH}/Podfile.lock",
				"${PODS_ROOT}/Manifest.lock",
			);
			name = "[CP] Check Pods Manifest.lock";
			outputFileListPaths = (
			);
			outputPaths = (
				"$(DERIVED_FILE_DIR)/Pods-cocoapodsDemo-cocoapodsDemoUITests-checkManifestLockResult.txt",
			);
			runOnlyForDeploymentPostprocessing = 0;
			shellPath = /bin/sh;
			shellScript = "diff \"${PODS_PODFILE_DIR_PATH}/Podfile.lock\" \"${PODS_ROOT}/Manifest.lock\" > /dev/null\nif [ $? != 0 ] ; then\n    # print error to STDERR\n    echo \"error: The sandbox is not in sync with the Podfile.lock. Run 'pod install' or update your CocoaPods installation.\" >&2\n    exit 1\nfi\n# This output is used by Xcode 'outputs' to avoid re-running this script phase.\necho \"SUCCESS\" > \"${SCRIPT_OUTPUT_FILE_0}\"\n";
			showEnvVarsInLog = 0;
		};
		55D1076431D1803D7315F5CD /* [CP] Embed Pods Frameworks */ = {
			isa = PBXShellScriptBuildPhase;
			buildActionMask = 2147483647;
			files = (
			);
			inputFileListPaths = (
				"${PODS_ROOT}/Target Support Files/Pods-cocoapodsDemo/Pods-cocoapodsDemo-frameworks-${CONFIGURATION}-input-files.xcfilelist",
			);
			name = "[CP] Embed Pods Frameworks";
			outputFileListPaths = (
				"${PODS_ROOT}/Target Support Files/Pods-cocoapodsDemo/Pods-cocoapodsDemo-frameworks-${CONFIGURATION}-output-files.xcfilelist",
			);
			runOnlyForDeploymentPostprocessing = 0;
			shellPath = /bin/sh;
			shellScript = "\"${PODS_ROOT}/Target Support Files/Pods-cocoapodsDemo/Pods-cocoapodsDemo-frameworks.sh\"\n";
			showEnvVarsInLog = 0;
		};
		A6AB36ACFA5C94CEB0C85306 /* [CP] Check Pods Manifest.lock */ = {
			isa = PBXShellScriptBuildPhase;
			buildActionMask = 2147483647;
			files = (
			);
			inputFileListPaths = (
			);
			inputPaths = (
				"${PODS_PODFILE_DIR_PATH}/Podfile.lock",
				"${PODS_ROOT}/Manifest.lock",
			);
			name = "[CP] Check Pods Manifest.lock";
			outputFileListPaths = (
			);
			outputPaths = (
				"$(DERIVED_FILE_DIR)/Pods-cocoapodsDemo-checkManifestLockResult.txt",
			);
			runOnlyForDeploymentPostprocessing = 0;
			shellPath = /bin/sh;
			shellScript = "diff \"${PODS_PODFILE_DIR_PATH}/Podfile.lock\" \"${PODS_ROOT}/Manifest.lock\" > /dev/null\nif [ $? != 0 ] ; then\n    # print error to STDERR\n    echo \"error: The sandbox is not in sync with the Podfile.lock. Run 'pod install' or update your CocoaPods installation.\" >&2\n    exit 1\nfi\n# This output is used by Xcode 'outputs' to avoid re-running this script phase.\necho \"SUCCESS\" > \"${SCRIPT_OUTPUT_FILE_0}\"\n";
			showEnvVarsInLog = 0;
		};
		D3279A511EB72A5461D87D8F /* [CP] Check Pods Manifest.lock */ = {
			isa = PBXShellScriptBuildPhase;
			buildActionMask = 2147483647;
			files = (
			);
			inputFileListPaths = (
			);
			inputPaths = (
				"${PODS_PODFILE_DIR_PATH}/Podfile.lock",
				"${PODS_ROOT}/Manifest.lock",
			);
			name = "[CP] Check Pods Manifest.lock";
			outputFileListPaths = (
			);
			outputPaths = (
				"$(DERIVED_FILE_DIR)/Pods-cocoapodsDemoTests-checkManifestLockResult.txt",
			);
			runOnlyForDeploymentPostprocessing = 0;
			shellPath = /bin/sh;
			shellScript = "diff \"${PODS_PODFILE_DIR_PATH}/Podfile.lock\" \"${PODS_ROOT}/Manifest.lock\" > /dev/null\nif [ $? != 0 ] ; then\n    # print error to STDERR\n    echo \"error: The sandbox is not in sync with the Podfile.lock. Run 'pod install' or update your CocoaPods installation.\" >&2\n    exit 1\nfi\n# This output is used by Xcode 'outputs' to avoid re-running this script phase.\necho \"SUCCESS\" > \"${SCRIPT_OUTPUT_FILE_0}\"\n";
			showEnvVarsInLog = 0;
		};
/* End PBXShellScriptBuildPhase section */

/* Begin PBXSourcesBuildPhase section */
		4EC75E3A266A4B3C00D40252 /* Sources */ = {
			isa = PBXSourcesBuildPhase;
			buildActionMask = 2147483647;
			files = (
				4EC75E49266A4B3C00D40252 /* ViewController.m in Sources */,
				4EC75E43266A4B3C00D40252 /* AppDelegate.m in Sources */,
				4EC75E54266A4B3D00D40252 /* main.m in Sources */,
				4EC75E46266A4B3C00D40252 /* SceneDelegate.m in Sources */,
			);
			runOnlyForDeploymentPostprocessing = 0;
		};
		4EC75E55266A4B3D00D40252 /* Sources */ = {
			isa = PBXSourcesBuildPhase;
			buildActionMask = 2147483647;
			files = (
				4EC75E5E266A4B3D00D40252 /* cocoapodsDemoTests.m in Sources */,
			);
			runOnlyForDeploymentPostprocessing = 0;
		};
		4EC75E60266A4B3D00D40252 /* Sources */ = {
			isa = PBXSourcesBuildPhase;
			buildActionMask = 2147483647;
			files = (
				4EC75E69266A4B3D00D40252 /* cocoapodsDemoUITests.m in Sources */,
			);
			runOnlyForDeploymentPostprocessing = 0;
		};
/* End PBXSourcesBuildPhase section */

/* Begin PBXTargetDependency section */
		4EC75E5B266A4B3D00D40252 /* PBXTargetDependency */ = {
			isa = PBXTargetDependency;
			target = 4EC75E3D266A4B3C00D40252 /* cocoapodsDemo */;
			targetProxy = 4EC75E5A266A4B3D00D40252 /* PBXContainerItemProxy */;
		};
		4EC75E66266A4B3D00D40252 /* PBXTargetDependency */ = {
			isa = PBXTargetDependency;
			target = 4EC75E3D266A4B3C00D40252 /* cocoapodsDemo */;
			targetProxy = 4EC75E65266A4B3D00D40252 /* PBXContainerItemProxy */;
		};
/* End PBXTargetDependency section */

/* Begin XCBuildConfiguration section */
		4EC75E6B266A4B3D00D40252 /* Debug */ = {
			isa = XCBuildConfiguration;
			buildSettings = {
				ALWAYS_SEARCH_USER_PATHS = NO;
				CLANG_ANALYZER_NONNULL = YES;
				CLANG_ANALYZER_NUMBER_OBJECT_CONVERSION = YES_AGGRESSIVE;
				CLANG_CXX_LANGUAGE_STANDARD = "gnu++14";
				CLANG_CXX_LIBRARY = "libc++";
				CLANG_ENABLE_MODULES = YES;
				CLANG_ENABLE_OBJC_ARC = YES;
				CLANG_ENABLE_OBJC_WEAK = YES;
				CLANG_WARN_BLOCK_CAPTURE_AUTORELEASING = YES;
				CLANG_WARN_BOOL_CONVERSION = YES;
				CLANG_WARN_COMMA = YES;
				CLANG_WARN_CONSTANT_CONVERSION = YES;
				CLANG_WARN_DEPRECATED_OBJC_IMPLEMENTATIONS = YES;
				CLANG_WARN_DIRECT_OBJC_ISA_USAGE = YES_ERROR;
				CLANG_WARN_DOCUMENTATION_COMMENTS = YES;
				CLANG_WARN_EMPTY_BODY = YES;
				CLANG_WARN_ENUM_CONVERSION = YES;
				CLANG_WARN_INFINITE_RECURSION = YES;
				CLANG_WARN_INT_CONVERSION = YES;
				CLANG_WARN_NON_LITERAL_NULL_CONVERSION = YES;
				CLANG_WARN_OBJC_IMPLICIT_RETAIN_SELF = YES;
				CLANG_WARN_OBJC_LITERAL_CONVERSION = YES;
				CLANG_WARN_OBJC_ROOT_CLASS = YES_ERROR;
				CLANG_WARN_QUOTED_INCLUDE_IN_FRAMEWORK_HEADER = YES;
				CLANG_WARN_RANGE_LOOP_ANALYSIS = YES;
				CLANG_WARN_STRICT_PROTOTYPES = YES;
				CLANG_WARN_SUSPICIOUS_MOVE = YES;
				CLANG_WARN_UNGUARDED_AVAILABILITY = YES_AGGRESSIVE;
				CLANG_WARN_UNREACHABLE_CODE = YES;
				CLANG_WARN__DUPLICATE_METHOD_MATCH = YES;
				COPY_PHASE_STRIP = NO;
				DEBUG_INFORMATION_FORMAT = dwarf;
				ENABLE_STRICT_OBJC_MSGSEND = YES;
				ENABLE_TESTABILITY = YES;
				GCC_C_LANGUAGE_STANDARD = gnu11;
				GCC_DYNAMIC_NO_PIC = NO;
				GCC_NO_COMMON_BLOCKS = YES;
				GCC_OPTIMIZATION_LEVEL = 0;
				GCC_PREPROCESSOR_DEFINITIONS = (
					"DEBUG=1",
					"$(inherited)",
				);
				GCC_WARN_64_TO_32_BIT_CONVERSION = YES;
				GCC_WARN_ABOUT_RETURN_TYPE = YES_ERROR;
				GCC_WARN_UNDECLARED_SELECTOR = YES;
				GCC_WARN_UNINITIALIZED_AUTOS = YES_AGGRESSIVE;
				GCC_WARN_UNUSED_FUNCTION = YES;
				GCC_WARN_UNUSED_VARIABLE = YES;
				IPHONEOS_DEPLOYMENT_TARGET = 14.5;
				MTL_ENABLE_DEBUG_INFO = INCLUDE_SOURCE;
				MTL_FAST_MATH = YES;
				ONLY_ACTIVE_ARCH = YES;
				SDKROOT = iphoneos;
			};
			name = Debug;
		};
		4EC75E6C266A4B3D00D40252 /* Release */ = {
			isa = XCBuildConfiguration;
			buildSettings = {
				ALWAYS_SEARCH_USER_PATHS = NO;
				CLANG_ANALYZER_NONNULL = YES;
				CLANG_ANALYZER_NUMBER_OBJECT_CONVERSION = YES_AGGRESSIVE;
				CLANG_CXX_LANGUAGE_STANDARD = "gnu++14";
				CLANG_CXX_LIBRARY = "libc++";
				CLANG_ENABLE_MODULES = YES;
				CLANG_ENABLE_OBJC_ARC = YES;
				CLANG_ENABLE_OBJC_WEAK = YES;
				CLANG_WARN_BLOCK_CAPTURE_AUTORELEASING = YES;
				CLANG_WARN_BOOL_CONVERSION = YES;
				CLANG_WARN_COMMA = YES;
				CLANG_WARN_CONSTANT_CONVERSION = YES;
				CLANG_WARN_DEPRECATED_OBJC_IMPLEMENTATIONS = YES;
				CLANG_WARN_DIRECT_OBJC_ISA_USAGE = YES_ERROR;
				CLANG_WARN_DOCUMENTATION_COMMENTS = YES;
				CLANG_WARN_EMPTY_BODY = YES;
				CLANG_WARN_ENUM_CONVERSION = YES;
				CLANG_WARN_INFINITE_RECURSION = YES;
				CLANG_WARN_INT_CONVERSION = YES;
				CLANG_WARN_NON_LITERAL_NULL_CONVERSION = YES;
				CLANG_WARN_OBJC_IMPLICIT_RETAIN_SELF = YES;
				CLANG_WARN_OBJC_LITERAL_CONVERSION = YES;
				CLANG_WARN_OBJC_ROOT_CLASS = YES_ERROR;
				CLANG_WARN_QUOTED_INCLUDE_IN_FRAMEWORK_HEADER = YES;
				CLANG_WARN_RANGE_LOOP_ANALYSIS = YES;
				CLANG_WARN_STRICT_PROTOTYPES = YES;
				CLANG_WARN_SUSPICIOUS_MOVE = YES;
				CLANG_WARN_UNGUARDED_AVAILABILITY = YES_AGGRESSIVE;
				CLANG_WARN_UNREACHABLE_CODE = YES;
				CLANG_WARN__DUPLICATE_METHOD_MATCH = YES;
				COPY_PHASE_STRIP = NO;
				DEBUG_INFORMATION_FORMAT = "dwarf-with-dsym";
				ENABLE_NS_ASSERTIONS = NO;
				ENABLE_STRICT_OBJC_MSGSEND = YES;
				GCC_C_LANGUAGE_STANDARD = gnu11;
				GCC_NO_COMMON_BLOCKS = YES;
				GCC_WARN_64_TO_32_BIT_CONVERSION = YES;
				GCC_WARN_ABOUT_RETURN_TYPE = YES_ERROR;
				GCC_WARN_UNDECLARED_SELECTOR = YES;
				GCC_WARN_UNINITIALIZED_AUTOS = YES_AGGRESSIVE;
				GCC_WARN_UNUSED_FUNCTION = YES;
				GCC_WARN_UNUSED_VARIABLE = YES;
				IPHONEOS_DEPLOYMENT_TARGET = 14.5;
				MTL_ENABLE_DEBUG_INFO = NO;
				MTL_FAST_MATH = YES;
				SDKROOT = iphoneos;
				VALIDATE_PRODUCT = YES;
			};
			name = Release;
		};
		4EC75E6E266A4B3D00D40252 /* Debug */ = {
			isa = XCBuildConfiguration;
			baseConfigurationReference = 8922DF89BFE12F636BDB678A /* Pods-cocoapodsDemo.debug.xcconfig */;
			buildSettings = {
				ASSETCATALOG_COMPILER_APPICON_NAME = AppIcon;
				ASSETCATALOG_COMPILER_GLOBAL_ACCENT_COLOR_NAME = AccentColor;
				CODE_SIGN_STYLE = Automatic;
				INFOPLIST_FILE = cocoapodsDemo/Info.plist;
				LD_RUNPATH_SEARCH_PATHS = (
					"$(inherited)",
					"@executable_path/Frameworks",
				);
				PRODUCT_BUNDLE_IDENTIFIER = com.whm.cocoapodsDemo;
				PRODUCT_NAME = "$(TARGET_NAME)";
				TARGETED_DEVICE_FAMILY = "1,2";
			};
			name = Debug;
		};
		4EC75E6F266A4B3D00D40252 /* Release */ = {
			isa = XCBuildConfiguration;
			baseConfigurationReference = 333D5DF7DBA4F392A24A073A /* Pods-cocoapodsDemo.release.xcconfig */;
			buildSettings = {
				ASSETCATALOG_COMPILER_APPICON_NAME = AppIcon;
				ASSETCATALOG_COMPILER_GLOBAL_ACCENT_COLOR_NAME = AccentColor;
				CODE_SIGN_STYLE = Automatic;
				INFOPLIST_FILE = cocoapodsDemo/Info.plist;
				LD_RUNPATH_SEARCH_PATHS = (
					"$(inherited)",
					"@executable_path/Frameworks",
				);
				PRODUCT_BUNDLE_IDENTIFIER = com.whm.cocoapodsDemo;
				PRODUCT_NAME = "$(TARGET_NAME)";
				TARGETED_DEVICE_FAMILY = "1,2";
			};
			name = Release;
		};
		4EC75E71266A4B3D00D40252 /* Debug */ = {
			isa = XCBuildConfiguration;
			baseConfigurationReference = 7256B390E6241809B9860F5F /* Pods-cocoapodsDemoTests.debug.xcconfig */;
			buildSettings = {
				BUNDLE_LOADER = "$(TEST_HOST)";
				CODE_SIGN_STYLE = Automatic;
				INFOPLIST_FILE = cocoapodsDemoTests/Info.plist;
				IPHONEOS_DEPLOYMENT_TARGET = 14.5;
				LD_RUNPATH_SEARCH_PATHS = (
					"$(inherited)",
					"@executable_path/Frameworks",
					"@loader_path/Frameworks",
				);
				PRODUCT_BUNDLE_IDENTIFIER = com.whm.cocoapodsDemoTests;
				PRODUCT_NAME = "$(TARGET_NAME)";
				TARGETED_DEVICE_FAMILY = "1,2";
				TEST_HOST = "$(BUILT_PRODUCTS_DIR)/cocoapodsDemo.app/cocoapodsDemo";
			};
			name = Debug;
		};
		4EC75E72266A4B3D00D40252 /* Release */ = {
			isa = XCBuildConfiguration;
			baseConfigurationReference = 3EE5A9DCEEF94176CE464D9D /* Pods-cocoapodsDemoTests.release.xcconfig */;
			buildSettings = {
				BUNDLE_LOADER = "$(TEST_HOST)";
				CODE_SIGN_STYLE = Automatic;
				INFOPLIST_FILE = cocoapodsDemoTests/Info.plist;
				IPHONEOS_DEPLOYMENT_TARGET = 14.5;
				LD_RUNPATH_SEARCH_PATHS = (
					"$(inherited)",
					"@executable_path/Frameworks",
					"@loader_path/Frameworks",
				);
				PRODUCT_BUNDLE_IDENTIFIER = com.whm.cocoapodsDemoTests;
				PRODUCT_NAME = "$(TARGET_NAME)";
				TARGETED_DEVICE_FAMILY = "1,2";
				TEST_HOST = "$(BUILT_PRODUCTS_DIR)/cocoapodsDemo.app/cocoapodsDemo";
			};
			name = Release;
		};
		4EC75E74266A4B3D00D40252 /* Debug */ = {
			isa = XCBuildConfiguration;
			baseConfigurationReference = FB3CF598428E5FFFBCD30E2D /* Pods-cocoapodsDemo-cocoapodsDemoUITests.debug.xcconfig */;
			buildSettings = {
				CODE_SIGN_STYLE = Automatic;
				INFOPLIST_FILE = cocoapodsDemoUITests/Info.plist;
				LD_RUNPATH_SEARCH_PATHS = (
					"$(inherited)",
					"@executable_path/Frameworks",
					"@loader_path/Frameworks",
				);
				PRODUCT_BUNDLE_IDENTIFIER = com.whm.cocoapodsDemoUITests;
				PRODUCT_NAME = "$(TARGET_NAME)";
				TARGETED_DEVICE_FAMILY = "1,2";
				TEST_TARGET_NAME = cocoapodsDemo;
			};
			name = Debug;
		};
		4EC75E75266A4B3D00D40252 /* Release */ = {
			isa = XCBuildConfiguration;
			baseConfigurationReference = 08D53D763633CEFE14C4F39D /* Pods-cocoapodsDemo-cocoapodsDemoUITests.release.xcconfig */;
			buildSettings = {
				CODE_SIGN_STYLE = Automatic;
				INFOPLIST_FILE = cocoapodsDemoUITests/Info.plist;
				LD_RUNPATH_SEARCH_PATHS = (
					"$(inherited)",
					"@executable_path/Frameworks",
					"@loader_path/Frameworks",
				);
				PRODUCT_BUNDLE_IDENTIFIER = com.whm.cocoapodsDemoUITests;
				PRODUCT_NAME = "$(TARGET_NAME)";
				TARGETED_DEVICE_FAMILY = "1,2";
				TEST_TARGET_NAME = cocoapodsDemo;
			};
			name = Release;
		};
/* End XCBuildConfiguration section */

/* Begin XCConfigurationList section */
		4EC75E39266A4B3C00D40252 /* Build configuration list for PBXProject "cocoapodsDemo" */ = {
			isa = XCConfigurationList;
			buildConfigurations = (
				4EC75E6B266A4B3D00D40252 /* Debug */,
				4EC75E6C266A4B3D00D40252 /* Release */,
			);
			defaultConfigurationIsVisible = 0;
			defaultConfigurationName = Release;
		};
		4EC75E6D266A4B3D00D40252 /* Build configuration list for PBXNativeTarget "cocoapodsDemo" */ = {
			isa = XCConfigurationList;
			buildConfigurations = (
				4EC75E6E266A4B3D00D40252 /* Debug */,
				4EC75E6F266A4B3D00D40252 /* Release */,
			);
			defaultConfigurationIsVisible = 0;
			defaultConfigurationName = Release;
		};
		4EC75E70266A4B3D00D40252 /* Build configuration list for PBXNativeTarget "cocoapodsDemoTests" */ = {
			isa = XCConfigurationList;
			buildConfigurations = (
				4EC75E71266A4B3D00D40252 /* Debug */,
				4EC75E72266A4B3D00D40252 /* Release */,
			);
			defaultConfigurationIsVisible = 0;
			defaultConfigurationName = Release;
		};
		4EC75E73266A4B3D00D40252 /* Build configuration list for PBXNativeTarget "cocoapodsDemoUITests" */ = {
			isa = XCConfigurationList;
			buildConfigurations = (
				4EC75E74266A4B3D00D40252 /* Debug */,
				4EC75E75266A4B3D00D40252 /* Release */,
			);
			defaultConfigurationIsVisible = 0;
			defaultConfigurationName = Release;
		};
/* End XCConfigurationList section */
	};
	rootObject = 4EC75E36266A4B3C00D40252 /* Project object */;
}
